
Microsoft Visual Studio Solution File, Format Version 12.00
# Visual Studio Version 16
VisualStudioVersion = 16.0.31410.357
MinimumVisualStudioVersion = 10.0.40219.1
Project("{FAE04EC0-301F-11D3-BF4B-00C04F79EFBC}") = "MyBooksLibrary", "MyBooksLibrary\MyBooksLibrary.csproj", "{1BDF692C-97CF-481E-80DA-CF8BABD8F3D9}"
EndProject
Project("{FAE04EC0-301F-11D3-BF4B-00C04F79EFBC}") = "DataLayer", "DataLayer\DataLayer.csproj", "{19617F98-DC91-4B17-B995-76C6FEE3839F}"
EndProject
Global
	GlobalSection(SolutionConfigurationPlatforms) = preSolution
		Debug|Any CPU = Debug|Any CPU
		Release|Any CPU = Release|Any CPU
	EndGlobalSection
	GlobalSection(ProjectConfigurationPlatforms) = postSolution
		{1BDF692C-97CF-481E-80DA-CF8BABD8F3D9}.Debug|Any CPU.ActiveCfg = Debug|Any CPU
		{1BDF692C-97CF-481E-80DA-CF8BABD8F3D9}.Debug|Any CPU.Build.0 = Debug|Any CPU
		{1BDF692C-97CF-481E-80DA-CF8BABD8F3D9}.Release|Any CPU.ActiveCfg = Release|Any CPU
		{1BDF692C-97CF-481E-80DA-CF8BABD8F3D9}.Release|Any CPU.Build.0 = Release|Any CPU
		{19617F98-DC91-4B17-B995-76C6FEE3839F}.Debug|Any CPU.ActiveCfg = Debug|Any CPU
		{19617F98-DC91-4B17-B995-76C6FEE3839F}.Debug|Any CPU.Build.0 = Debug|Any CPU
		{19617F98-DC91-4B17-B995-76C6FEE3839F}.Release|Any CPU.ActiveCfg = Release|Any CPU
		{19617F98-DC91-4B17-B995-76C6FEE3839F}.Release|Any CPU.Build.0 = Release|Any CPU
	EndGlobalSection
	GlobalSection(SolutionProperties) = preSolution
		HideSolutionNode = FALSE
	EndGlobalSection
	GlobalSection(ExtensibilityGlobals) = postSolution
		SolutionGuid = {DC2609DC-D710-4053-8BFD-A43F364C276A}
	EndGlobalSection
EndGlobal
